Microsoft Visual Studio Solution File, Format Version 12.00
# Visual Studio Version 17
VisualStudioVersion = 17.5.2.0
MinimumVisualStudioVersion = 10.0.40219.1
Project("{FAE04EC0-301F-11D3-BF4B-00C04F79EFBC}") = "BaankingSystem-.NET", "BaankingSystem-.NET.csproj", "{221A94A4-7018-DE32-BE2F-0076372ADE09}"
EndProject
Global
	GlobalSection(SolutionConfigurationPlatforms) = preSolution
		Debug|Any CPU = Debug|Any CPU
		Release|Any CPU = Release|Any CPU
	EndGlobalSection
	GlobalSection(ProjectConfigurationPlatforms) = postSolution
		{221A94A4-7018-DE32-BE2F-0076372ADE09}.Debug|Any CPU.ActiveCfg = Debug|Any CPU
		{221A94A4-7018-DE32-BE2F-0076372ADE09}.Debug|Any CPU.Build.0 = Debug|Any CPU
		{221A94A4-7018-DE32-BE2F-0076372ADE09}.Release|Any CPU.ActiveCfg = Release|Any CPU
		{221A94A4-7018-DE32-BE2F-0076372ADE09}.Release|Any CPU.Build.0 = Release|Any CPU
	EndGlobalSection
	GlobalSection(SolutionProperties) = preSolution
		HideSolutionNode = FALSE
	EndGlobalSection
	GlobalSection(ExtensibilityGlobals) = postSolution
		SolutionGuid = {ADD859DE-323F-4898-810D-CC8FF5A26C26}
	EndGlobalSection
EndGlobal
